
Microsoft Visual Studio Solution File, Format Version 12.00
# Visual Studio Version 16
VisualStudioVersion = 16.0.28803.202
MinimumVisualStudioVersion = 10.0.40219.1
Project("{FAE04EC0-301F-11D3-BF4B-00C04F79EFBC}") = "XCutter", "XCutter\XCutter.csproj", "{3A3937C5-4A09-4325-BD99-0DB59758EB71}"
EndProject
Project("{FAE04EC0-301F-11D3-BF4B-00C04F79EFBC}") = "NAudio", "NAudio\NAudio.csproj", "{DA4F02E3-0B5E-42CD-B8D9-5583FA51D66E}"
EndProject
Global
	GlobalSection(SolutionConfigurationPlatforms) = preSolution
		Debug|Any CPU = Debug|Any CPU
		Release|Any CPU = Release|Any CPU
	EndGlobalSection
	GlobalSection(ProjectConfigurationPlatforms) = postSolution
		{3A3937C5-4A09-4325-BD99-0DB59758EB71}.Debug|Any CPU.ActiveCfg = Debug|Any CPU
		{3A3937C5-4A09-4325-BD99-0DB59758EB71}.Debug|Any CPU.Build.0 = Debug|Any CPU
		{3A3937C5-4A09-4325-BD99-0DB59758EB71}.Release|Any CPU.ActiveCfg = Release|Any CPU
		{3A3937C5-4A09-4325-BD99-0DB59758EB71}.Release|Any CPU.Build.0 = Release|Any CPU
		{DA4F02E3-0B5E-42CD-B8D9-5583FA51D66E}.Debug|Any CPU.ActiveCfg = Debug|Any CPU
		{DA4F02E3-0B5E-42CD-B8D9-5583FA51D66E}.Debug|Any CPU.Build.0 = Debug|Any CPU
		{DA4F02E3-0B5E-42CD-B8D9-5583FA51D66E}.Release|Any CPU.ActiveCfg = Release|Any CPU
		{DA4F02E3-0B5E-42CD-B8D9-5583FA51D66E}.Release|Any CPU.Build.0 = Release|Any CPU
	EndGlobalSection
	GlobalSection(SolutionProperties) = preSolution
		HideSolutionNode = FALSE
	EndGlobalSection
	GlobalSection(ExtensibilityGlobals) = postSolution
		SolutionGuid = {26BC5788-EDA8-466B-9485-C1B28828CDAF}
	EndGlobalSection
EndGlobal
